
Microsoft Visual Studio Solution File, Format Version 12.00
# Visual Studio Version 16
VisualStudioVersion = 16.0.32126.315
MinimumVisualStudioVersion = 10.0.40219.1
Project("{FAE04EC0-301F-11D3-BF4B-00C04F79EFBC}") = "SignInSignUp(Week6)", "SignInSignUp(Week6)\SignInSignUp(Week6).csproj", "{ADF83B0C-AE7F-44C6-8A8D-8B26771788CE}"
EndProject
Global
	GlobalSection(SolutionConfigurationPlatforms) = preSolution
		Debug|Any CPU = Debug|Any CPU
		Release|Any CPU = Release|Any CPU
	EndGlobalSection
	GlobalSection(ProjectConfigurationPlatforms) = postSolution
		{ADF83B0C-AE7F-44C6-8A8D-8B26771788CE}.Debug|Any CPU.ActiveCfg = Debug|Any CPU
		{ADF83B0C-AE7F-44C6-8A8D-8B26771788CE}.Debug|Any CPU.Build.0 = Debug|Any CPU
		{ADF83B0C-AE7F-44C6-8A8D-8B26771788CE}.Release|Any CPU.ActiveCfg = Release|Any CPU
		{ADF83B0C-AE7F-44C6-8A8D-8B26771788CE}.Release|Any CPU.Build.0 = Release|Any CPU
	EndGlobalSection
	GlobalSection(SolutionProperties) = preSolution
		HideSolutionNode = FALSE
	EndGlobalSection
	GlobalSection(ExtensibilityGlobals) = postSolution
		SolutionGuid = {41D4E72B-3300-4A30-B5F7-6840785C544F}
	EndGlobalSection
EndGlobal
